
Microsoft Visual Studio Solution File, Format Version 12.00
# Visual Studio Version 16
VisualStudioVersion = 16.0.29613.14
MinimumVisualStudioVersion = 10.0.40219.1
Project("{9A19103F-16F7-4668-BE54-9A1E7A4F7556}") = "CarInfoTelegramBot", "Bots\CarInfo\CarInfoTelegramBot\CarInfoTelegramBot.csproj", "{41A6770F-9B33-4C57-8A7F-357AABA348B8}"
EndProject
Project("{9A19103F-16F7-4668-BE54-9A1E7A4F7556}") = "CarInfoTelegramBotTest", "Bots\CarInfo\CarInfoTelegramBotTest\CarInfoTelegramBotTest.csproj", "{4EEE79BB-5FE2-42D0-95F5-3A3043FB1893}"
EndProject
Project("{9A19103F-16F7-4668-BE54-9A1E7A4F7556}") = "Service", "Service\Service.csproj", "{CA320C84-846A-4039-AB0D-7B3C4379A703}"
EndProject
Project("{2150E333-8FDC-42A3-9474-1A3956D46DE8}") = "Services", "Services", "{400F6C0B-609B-4E23-8CC6-E95F7CFDE2A6}"
EndProject
Project("{2150E333-8FDC-42A3-9474-1A3956D46DE8}") = "Common", "Common", "{17E68EB0-1449-4FD6-9A1A-668FCA08D323}"
EndProject
Project("{9A19103F-16F7-4668-BE54-9A1E7A4F7556}") = "ServiceCommon", "Services\ServiceCommon\ServiceCommon.csproj", "{A0EBD89C-0B14-4A99-AA73-3224EEF45A62}"
EndProject
Project("{9A19103F-16F7-4668-BE54-9A1E7A4F7556}") = "TelegramBots", "Bots\TelegramBots\TelegramBots.csproj", "{B46C5240-FBD5-4FEB-AC4B-3E9632850214}"
EndProject
Project("{9A19103F-16F7-4668-BE54-9A1E7A4F7556}") = "TelegramBotsTests", "Bots\TelegramBotsTests\TelegramBotsTests.csproj", "{BFCCFEB1-9F0C-4CEE-A27F-E6C9CF6CD50B}"
EndProject
Project("{9A19103F-16F7-4668-BE54-9A1E7A4F7556}") = "ServiceTests", "ServiceTests\ServiceTests.csproj", "{C787A41D-0A9B-4504-A5CE-5C46DD77B989}"
EndProject
Project("{9A19103F-16F7-4668-BE54-9A1E7A4F7556}") = "CarInfoCommon", "Bots\CarInfo\Common\CarInfoCommon\CarInfoCommon.csproj", "{A01E2E58-8A3B-4937-99A8-DF37FB7DDA85}"
EndProject
Project("{9A19103F-16F7-4668-BE54-9A1E7A4F7556}") = "CarInfoDbService", "DataBase\CarInfoDbService\CarInfoDbService.csproj", "{BE3634FB-6333-4F9E-A964-8E080B836F10}"
EndProject
Project("{9A19103F-16F7-4668-BE54-9A1E7A4F7556}") = "MongoDbCommon", "DataBase\MongoDbCommon\MongoDbCommon.csproj", "{9C570A66-E261-43BF-8E2E-5DA4B10E006E}"
EndProject
Project("{2150E333-8FDC-42A3-9474-1A3956D46DE8}") = "Bots", "Bots", "{3FD043B8-FEE9-4246-A61C-3FE37AD36E5F}"
EndProject
Project("{2150E333-8FDC-42A3-9474-1A3956D46DE8}") = "DataBase", "DataBase", "{A4D23111-AD0B-4074-9C65-70AFC5B8D135}"
EndProject
Project("{2150E333-8FDC-42A3-9474-1A3956D46DE8}") = "CarInfo", "CarInfo", "{8C319C28-3814-4975-B045-24EBA8B59919}"
EndProject
Project("{2150E333-8FDC-42A3-9474-1A3956D46DE8}") = "Common", "Common", "{AB5BC266-4342-494B-8BAD-2E2810742BF7}"
EndProject
Project("{9A19103F-16F7-4668-BE54-9A1E7A4F7556}") = "LoggerCommon", "Common\LoggerCommon\LoggerCommon.csproj", "{61949FE0-8D13-4194-8A75-48145F2652DE}"
EndProject
Project("{2150E333-8FDC-42A3-9474-1A3956D46DE8}") = "English", "English", "{EF2D9C4C-A14D-4944-98E8-B8A9C122B5DB}"
EndProject
Project("{9A19103F-16F7-4668-BE54-9A1E7A4F7556}") = "EnglishTelegramBot", "Bots\English\EnglishTelegramBot\EnglishTelegramBot.csproj", "{C11B8CF7-3139-4549-8EB3-48CDB2289607}"
EndProject
Project("{2150E333-8FDC-42A3-9474-1A3956D46DE8}") = "Common", "Common", "{43DE7FD8-A140-4858-8725-20DCEDC82515}"
EndProject
Project("{9A19103F-16F7-4668-BE54-9A1E7A4F7556}") = "EnglishCommon", "Bots\English\Common\EnglishCommon\EnglishCommon.csproj", "{25974CDB-FDE8-4E9A-B868-A99E7425E008}"
EndProject
Project("{9A19103F-16F7-4668-BE54-9A1E7A4F7556}") = "EnglishTelegramBotTest", "Bots\English\EnglishTelegramBotTest\EnglishTelegramBotTest.csproj", "{4DDBEFFE-2768-481D-A3D2-90F95458682C}"
EndProject
Project("{9A19103F-16F7-4668-BE54-9A1E7A4F7556}") = "EnglishDbService", "DataBase\EnglishDbService\EnglishDbService.csproj", "{08B2C3B8-1DAD-4146-B950-A42033F3132D}"
EndProject
Project("{9A19103F-16F7-4668-BE54-9A1E7A4F7556}") = "Host", "Host\Host.csproj", "{D5077BFA-CE7A-45D0-8809-0FAD3DCCAE5D}"
EndProject
Project("{9A19103F-16F7-4668-BE54-9A1E7A4F7556}") = "ConfigurationCommon", "Common\ConfigurationCommon\ConfigurationCommon.csproj", "{53CEB00B-B573-4C4A-8DDE-2AE117FBAD03}"
EndProject
Project("{9A19103F-16F7-4668-BE54-9A1E7A4F7556}") = "ConfigurationCommonTests", "Common\ConfigurationCommonTests\ConfigurationCommonTests.csproj", "{CFE2CE1E-12EA-4D47-BEC6-8F3D4DD9FD1E}"
EndProject
Project("{2150E333-8FDC-42A3-9474-1A3956D46DE8}") = "Services", "Services", "{99B66487-8E2D-4566-B36F-A85525342F54}"
EndProject
Project("{FAE04EC0-301F-11D3-BF4B-00C04F79EFBC}") = "CommonServices", "CommonServices\CommonServices.csproj", "{42A9B466-A90A-42A9-96CA-00946C961F53}"
EndProject
Global
	GlobalSection(SolutionConfigurationPlatforms) = preSolution
		Debug|Any CPU = Debug|Any CPU
		Release|Any CPU = Release|Any CPU
	EndGlobalSection
	GlobalSection(ProjectConfigurationPlatforms) = postSolution
		{41A6770F-9B33-4C57-8A7F-357AABA348B8}.Debug|Any CPU.ActiveCfg = Debug|Any CPU
		{41A6770F-9B33-4C57-8A7F-357AABA348B8}.Debug|Any CPU.Build.0 = Debug|Any CPU
		{41A6770F-9B33-4C57-8A7F-357AABA348B8}.Release|Any CPU.ActiveCfg = Release|Any CPU
		{41A6770F-9B33-4C57-8A7F-357AABA348B8}.Release|Any CPU.Build.0 = Release|Any CPU
		{4EEE79BB-5FE2-42D0-95F5-3A3043FB1893}.Debug|Any CPU.ActiveCfg = Debug|Any CPU
		{4EEE79BB-5FE2-42D0-95F5-3A3043FB1893}.Debug|Any CPU.Build.0 = Debug|Any CPU
		{4EEE79BB-5FE2-42D0-95F5-3A3043FB1893}.Release|Any CPU.ActiveCfg = Release|Any CPU
		{4EEE79BB-5FE2-42D0-95F5-3A3043FB1893}.Release|Any CPU.Build.0 = Release|Any CPU
		{CA320C84-846A-4039-AB0D-7B3C4379A703}.Debug|Any CPU.ActiveCfg = Debug|Any CPU
		{CA320C84-846A-4039-AB0D-7B3C4379A703}.Debug|Any CPU.Build.0 = Debug|Any CPU
		{CA320C84-846A-4039-AB0D-7B3C4379A703}.Release|Any CPU.ActiveCfg = Release|Any CPU
		{CA320C84-846A-4039-AB0D-7B3C4379A703}.Release|Any CPU.Build.0 = Release|Any CPU
		{A0EBD89C-0B14-4A99-AA73-3224EEF45A62}.Debug|Any CPU.ActiveCfg = Debug|Any CPU
		{A0EBD89C-0B14-4A99-AA73-3224EEF45A62}.Debug|Any CPU.Build.0 = Debug|Any CPU
		{A0EBD89C-0B14-4A99-AA73-3224EEF45A62}.Release|Any CPU.ActiveCfg = Release|Any CPU
		{A0EBD89C-0B14-4A99-AA73-3224EEF45A62}.Release|Any CPU.Build.0 = Release|Any CPU
		{B46C5240-FBD5-4FEB-AC4B-3E9632850214}.Debug|Any CPU.ActiveCfg = Debug|Any CPU
		{B46C5240-FBD5-4FEB-AC4B-3E9632850214}.Debug|Any CPU.Build.0 = Debug|Any CPU
		{B46C5240-FBD5-4FEB-AC4B-3E9632850214}.Release|Any CPU.ActiveCfg = Release|Any CPU
		{B46C5240-FBD5-4FEB-AC4B-3E9632850214}.Release|Any CPU.Build.0 = Release|Any CPU
		{BFCCFEB1-9F0C-4CEE-A27F-E6C9CF6CD50B}.Debug|Any CPU.ActiveCfg = Debug|Any CPU
		{BFCCFEB1-9F0C-4CEE-A27F-E6C9CF6CD50B}.Debug|Any CPU.Build.0 = Debug|Any CPU
		{BFCCFEB1-9F0C-4CEE-A27F-E6C9CF6CD50B}.Release|Any CPU.ActiveCfg = Release|Any CPU
		{BFCCFEB1-9F0C-4CEE-A27F-E6C9CF6CD50B}.Release|Any CPU.Build.0 = Release|Any CPU
		{C787A41D-0A9B-4504-A5CE-5C46DD77B989}.Debug|Any CPU.ActiveCfg = Debug|Any CPU
		{C787A41D-0A9B-4504-A5CE-5C46DD77B989}.Debug|Any CPU.Build.0 = Debug|Any CPU
		{C787A41D-0A9B-4504-A5CE-5C46DD77B989}.Release|Any CPU.ActiveCfg = Release|Any CPU
		{C787A41D-0A9B-4504-A5CE-5C46DD77B989}.Release|Any CPU.Build.0 = Release|Any CPU
		{A01E2E58-8A3B-4937-99A8-DF37FB7DDA85}.Debug|Any CPU.ActiveCfg = Debug|Any CPU
		{A01E2E58-8A3B-4937-99A8-DF37FB7DDA85}.Debug|Any CPU.Build.0 = Debug|Any CPU
		{A01E2E58-8A3B-4937-99A8-DF37FB7DDA85}.Release|Any CPU.ActiveCfg = Release|Any CPU
		{A01E2E58-8A3B-4937-99A8-DF37FB7DDA85}.Release|Any CPU.Build.0 = Release|Any CPU
		{BE3634FB-6333-4F9E-A964-8E080B836F10}.Debug|Any CPU.ActiveCfg = Debug|Any CPU
		{BE3634FB-6333-4F9E-A964-8E080B836F10}.Debug|Any CPU.Build.0 = Debug|Any CPU
		{BE3634FB-6333-4F9E-A964-8E080B836F10}.Release|Any CPU.ActiveCfg = Release|Any CPU
		{BE3634FB-6333-4F9E-A964-8E080B836F10}.Release|Any CPU.Build.0 = Release|Any CPU
		{9C570A66-E261-43BF-8E2E-5DA4B10E006E}.Debug|Any CPU.ActiveCfg = Debug|Any CPU
		{9C570A66-E261-43BF-8E2E-5DA4B10E006E}.Debug|Any CPU.Build.0 = Debug|Any CPU
		{9C570A66-E261-43BF-8E2E-5DA4B10E006E}.Release|Any CPU.ActiveCfg = Release|Any CPU
		{9C570A66-E261-43BF-8E2E-5DA4B10E006E}.Release|Any CPU.Build.0 = Release|Any CPU
		{61949FE0-8D13-4194-8A75-48145F2652DE}.Debug|Any CPU.ActiveCfg = Debug|Any CPU
		{61949FE0-8D13-4194-8A75-48145F2652DE}.Debug|Any CPU.Build.0 = Debug|Any CPU
		{61949FE0-8D13-4194-8A75-48145F2652DE}.Release|Any CPU.ActiveCfg = Release|Any CPU
		{61949FE0-8D13-4194-8A75-48145F2652DE}.Release|Any CPU.Build.0 = Release|Any CPU
		{C11B8CF7-3139-4549-8EB3-48CDB2289607}.Debug|Any CPU.ActiveCfg = Debug|Any CPU
		{C11B8CF7-3139-4549-8EB3-48CDB2289607}.Debug|Any CPU.Build.0 = Debug|Any CPU
		{C11B8CF7-3139-4549-8EB3-48CDB2289607}.Release|Any CPU.ActiveCfg = Release|Any CPU
		{C11B8CF7-3139-4549-8EB3-48CDB2289607}.Release|Any CPU.Build.0 = Release|Any CPU
		{25974CDB-FDE8-4E9A-B868-A99E7425E008}.Debug|Any CPU.ActiveCfg = Debug|Any CPU
		{25974CDB-FDE8-4E9A-B868-A99E7425E008}.Debug|Any CPU.Build.0 = Debug|Any CPU
		{25974CDB-FDE8-4E9A-B868-A99E7425E008}.Release|Any CPU.ActiveCfg = Release|Any CPU
		{25974CDB-FDE8-4E9A-B868-A99E7425E008}.Release|Any CPU.Build.0 = Release|Any CPU
		{4DDBEFFE-2768-481D-A3D2-90F95458682C}.Debug|Any CPU.ActiveCfg = Debug|Any CPU
		{4DDBEFFE-2768-481D-A3D2-90F95458682C}.Debug|Any CPU.Build.0 = Debug|Any CPU
		{4DDBEFFE-2768-481D-A3D2-90F95458682C}.Release|Any CPU.ActiveCfg = Release|Any CPU
		{4DDBEFFE-2768-481D-A3D2-90F95458682C}.Release|Any CPU.Build.0 = Release|Any CPU
		{08B2C3B8-1DAD-4146-B950-A42033F3132D}.Debug|Any CPU.ActiveCfg = Debug|Any CPU
		{08B2C3B8-1DAD-4146-B950-A42033F3132D}.Debug|Any CPU.Build.0 = Debug|Any CPU
		{08B2C3B8-1DAD-4146-B950-A42033F3132D}.Release|Any CPU.ActiveCfg = Release|Any CPU
		{08B2C3B8-1DAD-4146-B950-A42033F3132D}.Release|Any CPU.Build.0 = Release|Any CPU
		{D5077BFA-CE7A-45D0-8809-0FAD3DCCAE5D}.Debug|Any CPU.ActiveCfg = Debug|Any CPU
		{D5077BFA-CE7A-45D0-8809-0FAD3DCCAE5D}.Debug|Any CPU.Build.0 = Debug|Any CPU
		{D5077BFA-CE7A-45D0-8809-0FAD3DCCAE5D}.Release|Any CPU.ActiveCfg = Release|Any CPU
		{D5077BFA-CE7A-45D0-8809-0FAD3DCCAE5D}.Release|Any CPU.Build.0 = Release|Any CPU
		{53CEB00B-B573-4C4A-8DDE-2AE117FBAD03}.Debug|Any CPU.ActiveCfg = Debug|Any CPU
		{53CEB00B-B573-4C4A-8DDE-2AE117FBAD03}.Debug|Any CPU.Build.0 = Debug|Any CPU
		{53CEB00B-B573-4C4A-8DDE-2AE117FBAD03}.Release|Any CPU.ActiveCfg = Release|Any CPU
		{53CEB00B-B573-4C4A-8DDE-2AE117FBAD03}.Release|Any CPU.Build.0 = Release|Any CPU
		{CFE2CE1E-12EA-4D47-BEC6-8F3D4DD9FD1E}.Debug|Any CPU.ActiveCfg = Debug|Any CPU
		{CFE2CE1E-12EA-4D47-BEC6-8F3D4DD9FD1E}.Debug|Any CPU.Build.0 = Debug|Any CPU
		{CFE2CE1E-12EA-4D47-BEC6-8F3D4DD9FD1E}.Release|Any CPU.ActiveCfg = Release|Any CPU
		{CFE2CE1E-12EA-4D47-BEC6-8F3D4DD9FD1E}.Release|Any CPU.Build.0 = Release|Any CPU
		{42A9B466-A90A-42A9-96CA-00946C961F53}.Debug|Any CPU.ActiveCfg = Debug|Any CPU
		{42A9B466-A90A-42A9-96CA-00946C961F53}.Debug|Any CPU.Build.0 = Debug|Any CPU
		{42A9B466-A90A-42A9-96CA-00946C961F53}.Release|Any CPU.ActiveCfg = Release|Any CPU
		{42A9B466-A90A-42A9-96CA-00946C961F53}.Release|Any CPU.Build.0 = Release|Any CPU
	EndGlobalSection
	GlobalSection(SolutionProperties) = preSolution
		HideSolutionNode = FALSE
	EndGlobalSection
	GlobalSection(NestedProjects) = preSolution
		{41A6770F-9B33-4C57-8A7F-357AABA348B8} = {8C319C28-3814-4975-B045-24EBA8B59919}
		{4EEE79BB-5FE2-42D0-95F5-3A3043FB1893} = {8C319C28-3814-4975-B045-24EBA8B59919}
		{17E68EB0-1449-4FD6-9A1A-668FCA08D323} = {8C319C28-3814-4975-B045-24EBA8B59919}
		{A0EBD89C-0B14-4A99-AA73-3224EEF45A62} = {400F6C0B-609B-4E23-8CC6-E95F7CFDE2A6}
		{B46C5240-FBD5-4FEB-AC4B-3E9632850214} = {3FD043B8-FEE9-4246-A61C-3FE37AD36E5F}
		{BFCCFEB1-9F0C-4CEE-A27F-E6C9CF6CD50B} = {3FD043B8-FEE9-4246-A61C-3FE37AD36E5F}
		{A01E2E58-8A3B-4937-99A8-DF37FB7DDA85} = {17E68EB0-1449-4FD6-9A1A-668FCA08D323}
		{BE3634FB-6333-4F9E-A964-8E080B836F10} = {A4D23111-AD0B-4074-9C65-70AFC5B8D135}
		{9C570A66-E261-43BF-8E2E-5DA4B10E006E} = {A4D23111-AD0B-4074-9C65-70AFC5B8D135}
		{8C319C28-3814-4975-B045-24EBA8B59919} = {3FD043B8-FEE9-4246-A61C-3FE37AD36E5F}
		{61949FE0-8D13-4194-8A75-48145F2652DE} = {AB5BC266-4342-494B-8BAD-2E2810742BF7}
		{EF2D9C4C-A14D-4944-98E8-B8A9C122B5DB} = {3FD043B8-FEE9-4246-A61C-3FE37AD36E5F}
		{C11B8CF7-3139-4549-8EB3-48CDB2289607} = {EF2D9C4C-A14D-4944-98E8-B8A9C122B5DB}
		{43DE7FD8-A140-4858-8725-20DCEDC82515} = {EF2D9C4C-A14D-4944-98E8-B8A9C122B5DB}
		{25974CDB-FDE8-4E9A-B868-A99E7425E008} = {43DE7FD8-A140-4858-8725-20DCEDC82515}
		{4DDBEFFE-2768-481D-A3D2-90F95458682C} = {EF2D9C4C-A14D-4944-98E8-B8A9C122B5DB}
		{08B2C3B8-1DAD-4146-B950-A42033F3132D} = {A4D23111-AD0B-4074-9C65-70AFC5B8D135}
		{53CEB00B-B573-4C4A-8DDE-2AE117FBAD03} = {AB5BC266-4342-494B-8BAD-2E2810742BF7}
		{CFE2CE1E-12EA-4D47-BEC6-8F3D4DD9FD1E} = {AB5BC266-4342-494B-8BAD-2E2810742BF7}
		{99B66487-8E2D-4566-B36F-A85525342F54} = {3FD043B8-FEE9-4246-A61C-3FE37AD36E5F}
		{42A9B466-A90A-42A9-96CA-00946C961F53} = {99B66487-8E2D-4566-B36F-A85525342F54}
	EndGlobalSection
	GlobalSection(ExtensibilityGlobals) = postSolution
		SolutionGuid = {2091DAEE-6968-4A0F-8811-B0F6FBD9F6EA}
	EndGlobalSection
EndGlobal
