
Microsoft Visual Studio Solution File, Format Version 12.00
# Visual Studio Version 16
VisualStudioVersion = 16.0.29613.14
MinimumVisualStudioVersion = 10.0.40219.1
Project("{9A19103F-16F7-4668-BE54-9A1E7A4F7556}") = "CarInfoTelegramBot", "CarInfoTelegramBot\CarInfoTelegramBot.csproj", "{41A6770F-9B33-4C57-8A7F-357AABA348B8}"
EndProject
Project("{9A19103F-16F7-4668-BE54-9A1E7A4F7556}") = "CarInfoTelegramBotTest", "CarInfoTelegramBotTest\CarInfoTelegramBotTest.csproj", "{4EEE79BB-5FE2-42D0-95F5-3A3043FB1893}"
EndProject
Project("{9A19103F-16F7-4668-BE54-9A1E7A4F7556}") = "CarInfoTelegramBotService", "Service\CarInfoTelegramBotService\CarInfoTelegramBotService.csproj", "{CA320C84-846A-4039-AB0D-7B3C4379A703}"
EndProject
Project("{2150E333-8FDC-42A3-9474-1A3956D46DE8}") = "Service", "Service", "{400F6C0B-609B-4E23-8CC6-E95F7CFDE2A6}"
EndProject
Project("{2150E333-8FDC-42A3-9474-1A3956D46DE8}") = "Common", "Common", "{17E68EB0-1449-4FD6-9A1A-668FCA08D323}"
EndProject
Project("{9A19103F-16F7-4668-BE54-9A1E7A4F7556}") = "ServiceCommon", "Common\ServiceCommon\ServiceCommon.csproj", "{A0EBD89C-0B14-4A99-AA73-3224EEF45A62}"
EndProject
Project("{9A19103F-16F7-4668-BE54-9A1E7A4F7556}") = "TelegramBots", "Common\TelegramBots\TelegramBots.csproj", "{B46C5240-FBD5-4FEB-AC4B-3E9632850214}"
EndProject
Project("{9A19103F-16F7-4668-BE54-9A1E7A4F7556}") = "TelegramBotsTests", "Common\TelegramBotsTests\TelegramBotsTests.csproj", "{BFCCFEB1-9F0C-4CEE-A27F-E6C9CF6CD50B}"
EndProject
Project("{9A19103F-16F7-4668-BE54-9A1E7A4F7556}") = "CarInfoTelegramBotServiceTests", "Service\CarInfoTelegramBotServiceTests\CarInfoTelegramBotServiceTests.csproj", "{C787A41D-0A9B-4504-A5CE-5C46DD77B989}"
EndProject
Project("{9A19103F-16F7-4668-BE54-9A1E7A4F7556}") = "CarInfoCommon", "Common\CarInfoCommon\CarInfoCommon.csproj", "{A01E2E58-8A3B-4937-99A8-DF37FB7DDA85}"
EndProject
Project("{FAE04EC0-301F-11D3-BF4B-00C04F79EFBC}") = "CarInfoTelegramBotDbService", "Service\CarInfoTelegramBotDbService\CarInfoTelegramBotDbService.csproj", "{BE3634FB-6333-4F9E-A964-8E080B836F10}"
EndProject
Project("{FAE04EC0-301F-11D3-BF4B-00C04F79EFBC}") = "MongoDbCommon", "Common\MongoDbCommon\MongoDbCommon.csproj", "{9C570A66-E261-43BF-8E2E-5DA4B10E006E}"
EndProject
Global
	GlobalSection(SolutionConfigurationPlatforms) = preSolution
		Debug|Any CPU = Debug|Any CPU
		Release|Any CPU = Release|Any CPU
	EndGlobalSection
	GlobalSection(ProjectConfigurationPlatforms) = postSolution
		{41A6770F-9B33-4C57-8A7F-357AABA348B8}.Debug|Any CPU.ActiveCfg = Debug|Any CPU
		{41A6770F-9B33-4C57-8A7F-357AABA348B8}.Debug|Any CPU.Build.0 = Debug|Any CPU
		{41A6770F-9B33-4C57-8A7F-357AABA348B8}.Release|Any CPU.ActiveCfg = Release|Any CPU
		{41A6770F-9B33-4C57-8A7F-357AABA348B8}.Release|Any CPU.Build.0 = Release|Any CPU
		{4EEE79BB-5FE2-42D0-95F5-3A3043FB1893}.Debug|Any CPU.ActiveCfg = Debug|Any CPU
		{4EEE79BB-5FE2-42D0-95F5-3A3043FB1893}.Debug|Any CPU.Build.0 = Debug|Any CPU
		{4EEE79BB-5FE2-42D0-95F5-3A3043FB1893}.Release|Any CPU.ActiveCfg = Release|Any CPU
		{4EEE79BB-5FE2-42D0-95F5-3A3043FB1893}.Release|Any CPU.Build.0 = Release|Any CPU
		{CA320C84-846A-4039-AB0D-7B3C4379A703}.Debug|Any CPU.ActiveCfg = Debug|Any CPU
		{CA320C84-846A-4039-AB0D-7B3C4379A703}.Debug|Any CPU.Build.0 = Debug|Any CPU
		{CA320C84-846A-4039-AB0D-7B3C4379A703}.Release|Any CPU.ActiveCfg = Release|Any CPU
		{CA320C84-846A-4039-AB0D-7B3C4379A703}.Release|Any CPU.Build.0 = Release|Any CPU
		{A0EBD89C-0B14-4A99-AA73-3224EEF45A62}.Debug|Any CPU.ActiveCfg = Debug|Any CPU
		{A0EBD89C-0B14-4A99-AA73-3224EEF45A62}.Debug|Any CPU.Build.0 = Debug|Any CPU
		{A0EBD89C-0B14-4A99-AA73-3224EEF45A62}.Release|Any CPU.ActiveCfg = Release|Any CPU
		{A0EBD89C-0B14-4A99-AA73-3224EEF45A62}.Release|Any CPU.Build.0 = Release|Any CPU
		{B46C5240-FBD5-4FEB-AC4B-3E9632850214}.Debug|Any CPU.ActiveCfg = Debug|Any CPU
		{B46C5240-FBD5-4FEB-AC4B-3E9632850214}.Debug|Any CPU.Build.0 = Debug|Any CPU
		{B46C5240-FBD5-4FEB-AC4B-3E9632850214}.Release|Any CPU.ActiveCfg = Release|Any CPU
		{B46C5240-FBD5-4FEB-AC4B-3E9632850214}.Release|Any CPU.Build.0 = Release|Any CPU
		{BFCCFEB1-9F0C-4CEE-A27F-E6C9CF6CD50B}.Debug|Any CPU.ActiveCfg = Debug|Any CPU
		{BFCCFEB1-9F0C-4CEE-A27F-E6C9CF6CD50B}.Debug|Any CPU.Build.0 = Debug|Any CPU
		{BFCCFEB1-9F0C-4CEE-A27F-E6C9CF6CD50B}.Release|Any CPU.ActiveCfg = Release|Any CPU
		{BFCCFEB1-9F0C-4CEE-A27F-E6C9CF6CD50B}.Release|Any CPU.Build.0 = Release|Any CPU
		{C787A41D-0A9B-4504-A5CE-5C46DD77B989}.Debug|Any CPU.ActiveCfg = Debug|Any CPU
		{C787A41D-0A9B-4504-A5CE-5C46DD77B989}.Debug|Any CPU.Build.0 = Debug|Any CPU
		{C787A41D-0A9B-4504-A5CE-5C46DD77B989}.Release|Any CPU.ActiveCfg = Release|Any CPU
		{C787A41D-0A9B-4504-A5CE-5C46DD77B989}.Release|Any CPU.Build.0 = Release|Any CPU
		{A01E2E58-8A3B-4937-99A8-DF37FB7DDA85}.Debug|Any CPU.ActiveCfg = Debug|Any CPU
		{A01E2E58-8A3B-4937-99A8-DF37FB7DDA85}.Debug|Any CPU.Build.0 = Debug|Any CPU
		{A01E2E58-8A3B-4937-99A8-DF37FB7DDA85}.Release|Any CPU.ActiveCfg = Release|Any CPU
		{A01E2E58-8A3B-4937-99A8-DF37FB7DDA85}.Release|Any CPU.Build.0 = Release|Any CPU
		{BE3634FB-6333-4F9E-A964-8E080B836F10}.Debug|Any CPU.ActiveCfg = Debug|Any CPU
		{BE3634FB-6333-4F9E-A964-8E080B836F10}.Debug|Any CPU.Build.0 = Debug|Any CPU
		{BE3634FB-6333-4F9E-A964-8E080B836F10}.Release|Any CPU.ActiveCfg = Release|Any CPU
		{BE3634FB-6333-4F9E-A964-8E080B836F10}.Release|Any CPU.Build.0 = Release|Any CPU
		{9C570A66-E261-43BF-8E2E-5DA4B10E006E}.Debug|Any CPU.ActiveCfg = Debug|Any CPU
		{9C570A66-E261-43BF-8E2E-5DA4B10E006E}.Debug|Any CPU.Build.0 = Debug|Any CPU
		{9C570A66-E261-43BF-8E2E-5DA4B10E006E}.Release|Any CPU.ActiveCfg = Release|Any CPU
		{9C570A66-E261-43BF-8E2E-5DA4B10E006E}.Release|Any CPU.Build.0 = Release|Any CPU
	EndGlobalSection
	GlobalSection(SolutionProperties) = preSolution
		HideSolutionNode = FALSE
	EndGlobalSection
	GlobalSection(NestedProjects) = preSolution
		{CA320C84-846A-4039-AB0D-7B3C4379A703} = {400F6C0B-609B-4E23-8CC6-E95F7CFDE2A6}
		{A0EBD89C-0B14-4A99-AA73-3224EEF45A62} = {17E68EB0-1449-4FD6-9A1A-668FCA08D323}
		{B46C5240-FBD5-4FEB-AC4B-3E9632850214} = {17E68EB0-1449-4FD6-9A1A-668FCA08D323}
		{BFCCFEB1-9F0C-4CEE-A27F-E6C9CF6CD50B} = {17E68EB0-1449-4FD6-9A1A-668FCA08D323}
		{C787A41D-0A9B-4504-A5CE-5C46DD77B989} = {400F6C0B-609B-4E23-8CC6-E95F7CFDE2A6}
		{A01E2E58-8A3B-4937-99A8-DF37FB7DDA85} = {17E68EB0-1449-4FD6-9A1A-668FCA08D323}
		{BE3634FB-6333-4F9E-A964-8E080B836F10} = {400F6C0B-609B-4E23-8CC6-E95F7CFDE2A6}
		{9C570A66-E261-43BF-8E2E-5DA4B10E006E} = {17E68EB0-1449-4FD6-9A1A-668FCA08D323}
	EndGlobalSection
	GlobalSection(ExtensibilityGlobals) = postSolution
		SolutionGuid = {2091DAEE-6968-4A0F-8811-B0F6FBD9F6EA}
	EndGlobalSection
EndGlobal
